
Microsoft Visual Studio Solution File, Format Version 12.00
# Visual Studio Version 16
VisualStudioVersion = 16.0.28803.352
MinimumVisualStudioVersion = 10.0.40219.1
Project("{9A19103F-16F7-4668-BE54-9A1E7A4F7556}") = "CloudBuffers", "CloudBuffers\CloudBuffers.csproj", "{B805EE06-3803-43E2-83B0-ED170C2351E2}"
EndProject
Project("{FAE04EC0-301F-11D3-BF4B-00C04F79EFBC}") = "CloudBuffers.Common", "CloudBuffers.Common\CloudBuffers.Common.csproj", "{ACAF39FE-F213-4969-87FC-476D10060CB5}"
EndProject
Project("{FAE04EC0-301F-11D3-BF4B-00C04F79EFBC}") = "CloudBuffers.MonoService", "CloudBuffers.MonoService\CloudBuffers.MonoService.csproj", "{BCE106A0-234A-477C-A3F2-F072B560B471}"
EndProject
Global
	GlobalSection(SolutionConfigurationPlatforms) = preSolution
		Debug|Any CPU = Debug|Any CPU
		Release|Any CPU = Release|Any CPU
	EndGlobalSection
	GlobalSection(ProjectConfigurationPlatforms) = postSolution
		{B805EE06-3803-43E2-83B0-ED170C2351E2}.Debug|Any CPU.ActiveCfg = Debug|Any CPU
		{B805EE06-3803-43E2-83B0-ED170C2351E2}.Debug|Any CPU.Build.0 = Debug|Any CPU
		{B805EE06-3803-43E2-83B0-ED170C2351E2}.Release|Any CPU.ActiveCfg = Release|Any CPU
		{B805EE06-3803-43E2-83B0-ED170C2351E2}.Release|Any CPU.Build.0 = Release|Any CPU
		{ACAF39FE-F213-4969-87FC-476D10060CB5}.Debug|Any CPU.ActiveCfg = Debug|Any CPU
		{ACAF39FE-F213-4969-87FC-476D10060CB5}.Debug|Any CPU.Build.0 = Debug|Any CPU
		{ACAF39FE-F213-4969-87FC-476D10060CB5}.Release|Any CPU.ActiveCfg = Release|Any CPU
		{ACAF39FE-F213-4969-87FC-476D10060CB5}.Release|Any CPU.Build.0 = Release|Any CPU
		{BCE106A0-234A-477C-A3F2-F072B560B471}.Debug|Any CPU.ActiveCfg = Debug|Any CPU
		{BCE106A0-234A-477C-A3F2-F072B560B471}.Debug|Any CPU.Build.0 = Debug|Any CPU
		{BCE106A0-234A-477C-A3F2-F072B560B471}.Release|Any CPU.ActiveCfg = Release|Any CPU
		{BCE106A0-234A-477C-A3F2-F072B560B471}.Release|Any CPU.Build.0 = Release|Any CPU
	EndGlobalSection
	GlobalSection(SolutionProperties) = preSolution
		HideSolutionNode = FALSE
	EndGlobalSection
	GlobalSection(ExtensibilityGlobals) = postSolution
		SolutionGuid = {15007C56-B859-4F9C-9369-7FC1FC5BB39F}
	EndGlobalSection
EndGlobal
